// !$*UTF8*$!
{
	archiveVersion = 1;
	classes = {
	};
	objectVersion = 56;
	objects = {

/* Begin PBXBuildFile section */
		A382729C2B175926009CBF25 /* ReaderViewModel.swift in Sources */ = {isa = PBXBuildFile; fileRef = A382729B2B175926009CBF25 /* ReaderViewModel.swift */; };
		A382729E2B175E90009CBF25 /* ChapterRepository.swift in Sources */ = {isa = PBXBuildFile; fileRef = A382729D2B175E90009CBF25 /* ChapterRepository.swift */; };
		A38272A02B175F12009CBF25 /* Chapter.swift in Sources */ = {isa = PBXBuildFile; fileRef = A382729F2B175F12009CBF25 /* Chapter.swift */; };
		A38272A22B176013009CBF25 /* Verse.swift in Sources */ = {isa = PBXBuildFile; fileRef = A38272A12B176013009CBF25 /* Verse.swift */; };
		A38272A42B1761FE009CBF25 /* Chapter+Decodable.swift in Sources */ = {isa = PBXBuildFile; fileRef = A38272A32B1761FE009CBF25 /* Chapter+Decodable.swift */; };
		A38272A62B17688E009CBF25 /* MockChapterRepository.swift in Sources */ = {isa = PBXBuildFile; fileRef = A38272A52B17688E009CBF25 /* MockChapterRepository.swift */; };
		A38272A82B1769B5009CBF25 /* ReaderVerseItem.swift in Sources */ = {isa = PBXBuildFile; fileRef = A38272A72B1769B5009CBF25 /* ReaderVerseItem.swift */; };
		A38272AA2B17A3FB009CBF25 /* APIBookRepository.swift in Sources */ = {isa = PBXBuildFile; fileRef = A38272A92B17A3FB009CBF25 /* APIBookRepository.swift */; };
		A38272AD2B17A43D009CBF25 /* APIService.swift in Sources */ = {isa = PBXBuildFile; fileRef = A38272AC2B17A43D009CBF25 /* APIService.swift */; };
		A38272B12B17A8FA009CBF25 /* APIRequest.swift in Sources */ = {isa = PBXBuildFile; fileRef = A38272B02B17A8FA009CBF25 /* APIRequest.swift */; };
		A38272B32B17AB9C009CBF25 /* BooksAPIRequest.swift in Sources */ = {isa = PBXBuildFile; fileRef = A38272B22B17AB9C009CBF25 /* BooksAPIRequest.swift */; };
		A38272B82B17C214009CBF25 /* APIBookRepositoryTests.swift in Sources */ = {isa = PBXBuildFile; fileRef = A38272B72B17C214009CBF25 /* APIBookRepositoryTests.swift */; };
		A38272BB2B17C3CA009CBF25 /* books.json in Resources */ = {isa = PBXBuildFile; fileRef = A38272BA2B17C3CA009CBF25 /* books.json */; };
		A38272BE2B17C426009CBF25 /* readJSONFile.swift in Sources */ = {isa = PBXBuildFile; fileRef = A38272BD2B17C426009CBF25 /* readJSONFile.swift */; };
		A38272C02B17C4BA009CBF25 /* HTTPURLResponse+mockResponse.swift in Sources */ = {isa = PBXBuildFile; fileRef = A38272BF2B17C4BA009CBF25 /* HTTPURLResponse+mockResponse.swift */; };
		A38272C22B17C6DB009CBF25 /* MockURLProtocol.swift in Sources */ = {isa = PBXBuildFile; fileRef = A38272C12B17C6DB009CBF25 /* MockURLProtocol.swift */; };
		A38272C42B19199A009CBF25 /* BookListItemView.swift in Sources */ = {isa = PBXBuildFile; fileRef = A38272C32B19199A009CBF25 /* BookListItemView.swift */; };
		A38272CA2B1A01FC009CBF25 /* BooksViewModelTests.swift in Sources */ = {isa = PBXBuildFile; fileRef = A38272C92B1A01FC009CBF25 /* BooksViewModelTests.swift */; };
		A3AD4C182B164B9100FDDAB0 /* ScripturaApp.swift in Sources */ = {isa = PBXBuildFile; fileRef = A3AD4C172B164B9100FDDAB0 /* ScripturaApp.swift */; };
		A3AD4C1A2B164B9100FDDAB0 /* ContentView.swift in Sources */ = {isa = PBXBuildFile; fileRef = A3AD4C192B164B9100FDDAB0 /* ContentView.swift */; };
		A3AD4C1C2B164B9200FDDAB0 /* Assets.xcassets in Resources */ = {isa = PBXBuildFile; fileRef = A3AD4C1B2B164B9200FDDAB0 /* Assets.xcassets */; };
		A3AD4C1F2B164B9200FDDAB0 /* Preview Assets.xcassets in Resources */ = {isa = PBXBuildFile; fileRef = A3AD4C1E2B164B9200FDDAB0 /* Preview Assets.xcassets */; };
		A3AD4C292B164B9200FDDAB0 /* ScripturaTests.swift in Sources */ = {isa = PBXBuildFile; fileRef = A3AD4C282B164B9200FDDAB0 /* ScripturaTests.swift */; };
		A3AD4C332B164B9200FDDAB0 /* ScripturaUITests.swift in Sources */ = {isa = PBXBuildFile; fileRef = A3AD4C322B164B9200FDDAB0 /* ScripturaUITests.swift */; };
		A3AD4C352B164B9200FDDAB0 /* ScripturaUITestsLaunchTests.swift in Sources */ = {isa = PBXBuildFile; fileRef = A3AD4C342B164B9200FDDAB0 /* ScripturaUITestsLaunchTests.swift */; };
		A3AD4C472B164BF800FDDAB0 /* Book.swift in Sources */ = {isa = PBXBuildFile; fileRef = A3AD4C462B164BF800FDDAB0 /* Book.swift */; };
		A3AD4C4A2B164CB300FDDAB0 /* Book+Decodable.swift in Sources */ = {isa = PBXBuildFile; fileRef = A3AD4C492B164CB300FDDAB0 /* Book+Decodable.swift */; };
		A3AD4C4C2B164E2B00FDDAB0 /* BookRepository.swift in Sources */ = {isa = PBXBuildFile; fileRef = A3AD4C4B2B164E2B00FDDAB0 /* BookRepository.swift */; };
		A3AD4C522B16500200FDDAB0 /* MockBooksRepository.swift in Sources */ = {isa = PBXBuildFile; fileRef = A3AD4C512B16500200FDDAB0 /* MockBooksRepository.swift */; };
		A3AD4C552B1650BA00FDDAB0 /* BooksView.swift in Sources */ = {isa = PBXBuildFile; fileRef = A3AD4C542B1650BA00FDDAB0 /* BooksView.swift */; };
		A3AD4C572B1650D100FDDAB0 /* BooksViewModel.swift in Sources */ = {isa = PBXBuildFile; fileRef = A3AD4C562B1650D100FDDAB0 /* BooksViewModel.swift */; };
		A3AD4C5A2B16520300FDDAB0 /* BookListItem.swift in Sources */ = {isa = PBXBuildFile; fileRef = A3AD4C592B16520300FDDAB0 /* BookListItem.swift */; };
		A3AD4C5D2B1690C300FDDAB0 /* ReaderView.swift in Sources */ = {isa = PBXBuildFile; fileRef = A3AD4C5C2B1690C300FDDAB0 /* ReaderView.swift */; };
/* End PBXBuildFile section */

/* Begin PBXContainerItemProxy section */
		A3AD4C252B164B9200FDDAB0 /* PBXContainerItemProxy */ = {
			isa = PBXContainerItemProxy;
			containerPortal = A3AD4C0C2B164B9100FDDAB0 /* Project object */;
			proxyType = 1;
			remoteGlobalIDString = A3AD4C132B164B9100FDDAB0;
			remoteInfo = Scriptura;
		};
		A3AD4C2F2B164B9200FDDAB0 /* PBXContainerItemProxy */ = {
			isa = PBXContainerItemProxy;
			containerPortal = A3AD4C0C2B164B9100FDDAB0 /* Project object */;
			proxyType = 1;
			remoteGlobalIDString = A3AD4C132B164B9100FDDAB0;
			remoteInfo = Scriptura;
		};
/* End PBXContainerItemProxy section */

/* Begin PBXFileReference section */
		A382729B2B175926009CBF25 /* ReaderViewModel.swift */ = {isa = PBXFileReference; lastKnownFileType = sourcecode.swift; path = ReaderViewModel.swift; sourceTree = "<group>"; };
		A382729D2B175E90009CBF25 /* ChapterRepository.swift */ = {isa = PBXFileReference; lastKnownFileType = sourcecode.swift; path = ChapterRepository.swift; sourceTree = "<group>"; };
		A382729F2B175F12009CBF25 /* Chapter.swift */ = {isa = PBXFileReference; lastKnownFileType = sourcecode.swift; path = Chapter.swift; sourceTree = "<group>"; };
		A38272A12B176013009CBF25 /* Verse.swift */ = {isa = PBXFileReference; lastKnownFileType = sourcecode.swift; path = Verse.swift; sourceTree = "<group>"; };
		A38272A32B1761FE009CBF25 /* Chapter+Decodable.swift */ = {isa = PBXFileReference; lastKnownFileType = sourcecode.swift; path = "Chapter+Decodable.swift"; sourceTree = "<group>"; };
		A38272A52B17688E009CBF25 /* MockChapterRepository.swift */ = {isa = PBXFileReference; lastKnownFileType = sourcecode.swift; path = MockChapterRepository.swift; sourceTree = "<group>"; };
		A38272A72B1769B5009CBF25 /* ReaderVerseItem.swift */ = {isa = PBXFileReference; lastKnownFileType = sourcecode.swift; path = ReaderVerseItem.swift; sourceTree = "<group>"; };
		A38272A92B17A3FB009CBF25 /* APIBookRepository.swift */ = {isa = PBXFileReference; lastKnownFileType = sourcecode.swift; path = APIBookRepository.swift; sourceTree = "<group>"; };
		A38272AC2B17A43D009CBF25 /* APIService.swift */ = {isa = PBXFileReference; lastKnownFileType = sourcecode.swift; path = APIService.swift; sourceTree = "<group>"; };
		A38272B02B17A8FA009CBF25 /* APIRequest.swift */ = {isa = PBXFileReference; lastKnownFileType = sourcecode.swift; path = APIRequest.swift; sourceTree = "<group>"; };
		A38272B22B17AB9C009CBF25 /* BooksAPIRequest.swift */ = {isa = PBXFileReference; lastKnownFileType = sourcecode.swift; path = BooksAPIRequest.swift; sourceTree = "<group>"; };
		A38272B72B17C214009CBF25 /* APIBookRepositoryTests.swift */ = {isa = PBXFileReference; lastKnownFileType = sourcecode.swift; path = APIBookRepositoryTests.swift; sourceTree = "<group>"; };
		A38272BA2B17C3CA009CBF25 /* books.json */ = {isa = PBXFileReference; lastKnownFileType = text.json; path = books.json; sourceTree = "<group>"; };
		A38272BD2B17C426009CBF25 /* readJSONFile.swift */ = {isa = PBXFileReference; lastKnownFileType = sourcecode.swift; path = readJSONFile.swift; sourceTree = "<group>"; };
		A38272BF2B17C4BA009CBF25 /* HTTPURLResponse+mockResponse.swift */ = {isa = PBXFileReference; lastKnownFileType = sourcecode.swift; path = "HTTPURLResponse+mockResponse.swift"; sourceTree = "<group>"; };
		A38272C12B17C6DB009CBF25 /* MockURLProtocol.swift */ = {isa = PBXFileReference; lastKnownFileType = sourcecode.swift; path = MockURLProtocol.swift; sourceTree = "<group>"; };
		A38272C32B19199A009CBF25 /* BookListItemView.swift */ = {isa = PBXFileReference; lastKnownFileType = sourcecode.swift; path = BookListItemView.swift; sourceTree = "<group>"; };
		A38272C92B1A01FC009CBF25 /* BooksViewModelTests.swift */ = {isa = PBXFileReference; lastKnownFileType = sourcecode.swift; path = BooksViewModelTests.swift; sourceTree = "<group>"; };
		A3AD4C142B164B9100FDDAB0 /* Scriptura.app */ = {isa = PBXFileReference; explicitFileType = wrapper.application; includeInIndex = 0; path = Scriptura.app; sourceTree = BUILT_PRODUCTS_DIR; };
		A3AD4C172B164B9100FDDAB0 /* ScripturaApp.swift */ = {isa = PBXFileReference; lastKnownFileType = sourcecode.swift; path = ScripturaApp.swift; sourceTree = "<group>"; };
		A3AD4C192B164B9100FDDAB0 /* ContentView.swift */ = {isa = PBXFileReference; lastKnownFileType = sourcecode.swift; path = ContentView.swift; sourceTree = "<group>"; };
		A3AD4C1B2B164B9200FDDAB0 /* Assets.xcassets */ = {isa = PBXFileReference; lastKnownFileType = folder.assetcatalog; path = Assets.xcassets; sourceTree = "<group>"; };
		A3AD4C1E2B164B9200FDDAB0 /* Preview Assets.xcassets */ = {isa = PBXFileReference; lastKnownFileType = folder.assetcatalog; path = "Preview Assets.xcassets"; sourceTree = "<group>"; };
		A3AD4C242B164B9200FDDAB0 /* ScripturaTests.xctest */ = {isa = PBXFileReference; explicitFileType = wrapper.cfbundle; includeInIndex = 0; path = ScripturaTests.xctest; sourceTree = BUILT_PRODUCTS_DIR; };
		A3AD4C282B164B9200FDDAB0 /* ScripturaTests.swift */ = {isa = PBXFileReference; lastKnownFileType = sourcecode.swift; path = ScripturaTests.swift; sourceTree = "<group>"; };
		A3AD4C2E2B164B9200FDDAB0 /* ScripturaUITests.xctest */ = {isa = PBXFileReference; explicitFileType = wrapper.cfbundle; includeInIndex = 0; path = ScripturaUITests.xctest; sourceTree = BUILT_PRODUCTS_DIR; };
		A3AD4C322B164B9200FDDAB0 /* ScripturaUITests.swift */ = {isa = PBXFileReference; lastKnownFileType = sourcecode.swift; path = ScripturaUITests.swift; sourceTree = "<group>"; };
		A3AD4C342B164B9200FDDAB0 /* ScripturaUITestsLaunchTests.swift */ = {isa = PBXFileReference; lastKnownFileType = sourcecode.swift; path = ScripturaUITestsLaunchTests.swift; sourceTree = "<group>"; };
		A3AD4C462B164BF800FDDAB0 /* Book.swift */ = {isa = PBXFileReference; lastKnownFileType = sourcecode.swift; path = Book.swift; sourceTree = "<group>"; };
		A3AD4C492B164CB300FDDAB0 /* Book+Decodable.swift */ = {isa = PBXFileReference; lastKnownFileType = sourcecode.swift; path = "Book+Decodable.swift"; sourceTree = "<group>"; };
		A3AD4C4B2B164E2B00FDDAB0 /* BookRepository.swift */ = {isa = PBXFileReference; lastKnownFileType = sourcecode.swift; path = BookRepository.swift; sourceTree = "<group>"; };
		A3AD4C512B16500200FDDAB0 /* MockBooksRepository.swift */ = {isa = PBXFileReference; lastKnownFileType = sourcecode.swift; path = MockBooksRepository.swift; sourceTree = "<group>"; };
		A3AD4C542B1650BA00FDDAB0 /* BooksView.swift */ = {isa = PBXFileReference; lastKnownFileType = sourcecode.swift; path = BooksView.swift; sourceTree = "<group>"; };
		A3AD4C562B1650D100FDDAB0 /* BooksViewModel.swift */ = {isa = PBXFileReference; lastKnownFileType = sourcecode.swift; path = BooksViewModel.swift; sourceTree = "<group>"; };
		A3AD4C592B16520300FDDAB0 /* BookListItem.swift */ = {isa = PBXFileReference; lastKnownFileType = sourcecode.swift; path = BookListItem.swift; sourceTree = "<group>"; };
		A3AD4C5C2B1690C300FDDAB0 /* ReaderView.swift */ = {isa = PBXFileReference; lastKnownFileType = sourcecode.swift; path = ReaderView.swift; sourceTree = "<group>"; };
/* End PBXFileReference section */

/* Begin PBXFrameworksBuildPhase section */
		A3AD4C112B164B9100FDDAB0 /* Frameworks */ = {
			isa = PBXFrameworksBuildPhase;
			buildActionMask = 2147483647;
			files = (
			);
			runOnlyForDeploymentPostprocessing = 0;
		};
		A3AD4C212B164B9200FDDAB0 /* Frameworks */ = {
			isa = PBXFrameworksBuildPhase;
			buildActionMask = 2147483647;
			files = (
			);
			runOnlyForDeploymentPostprocessing = 0;
		};
		A3AD4C2B2B164B9200FDDAB0 /* Frameworks */ = {
			isa = PBXFrameworksBuildPhase;
			buildActionMask = 2147483647;
			files = (
			);
			runOnlyForDeploymentPostprocessing = 0;
		};
/* End PBXFrameworksBuildPhase section */

/* Begin PBXGroup section */
		A38272AB2B17A42A009CBF25 /* Service */ = {
			isa = PBXGroup;
			children = (
				A38272AC2B17A43D009CBF25 /* APIService.swift */,
			);
			path = Service;
			sourceTree = "<group>";
		};
		A38272B42B17C1E6009CBF25 /* Data */ = {
			isa = PBXGroup;
			children = (
				A38272B52B17C1EC009CBF25 /* API */,
			);
			path = Data;
			sourceTree = "<group>";
		};
		A38272B52B17C1EC009CBF25 /* API */ = {
			isa = PBXGroup;
			children = (
				A38272BC2B17C40E009CBF25 /* Utilities */,
				A38272B92B17C3A5009CBF25 /* MockData */,
				A38272B62B17C1F2009CBF25 /* Repository */,
			);
			path = API;
			sourceTree = "<group>";
		};
		A38272B62B17C1F2009CBF25 /* Repository */ = {
			isa = PBXGroup;
			children = (
				A38272B72B17C214009CBF25 /* APIBookRepositoryTests.swift */,
			);
			path = Repository;
			sourceTree = "<group>";
		};
		A38272B92B17C3A5009CBF25 /* MockData */ = {
			isa = PBXGroup;
			children = (
				A38272BA2B17C3CA009CBF25 /* books.json */,
			);
			path = MockData;
			sourceTree = "<group>";
		};
		A38272BC2B17C40E009CBF25 /* Utilities */ = {
			isa = PBXGroup;
			children = (
				A38272BD2B17C426009CBF25 /* readJSONFile.swift */,
				A38272BF2B17C4BA009CBF25 /* HTTPURLResponse+mockResponse.swift */,
				A38272C12B17C6DB009CBF25 /* MockURLProtocol.swift */,
			);
			path = Utilities;
			sourceTree = "<group>";
		};
		A38272C52B1A01BA009CBF25 /* Application */ = {
			isa = PBXGroup;
			children = (
				A38272C82B1A01E2009CBF25 /* Scenes */,
			);
			path = Application;
			sourceTree = "<group>";
		};
		A38272C62B1A01C2009CBF25 /* Books */ = {
			isa = PBXGroup;
			children = (
				A38272C92B1A01FC009CBF25 /* BooksViewModelTests.swift */,
			);
			path = Books;
			sourceTree = "<group>";
		};
		A38272C72B1A01D5009CBF25 /* Scenes */ = {
			isa = PBXGroup;
			children = (
				A3AD4C5B2B1690AC00FDDAB0 /* Reader */,
				A3AD4C532B1650A900FDDAB0 /* Books */,
			);
			path = Scenes;
			sourceTree = "<group>";
		};
		A38272C82B1A01E2009CBF25 /* Scenes */ = {
			isa = PBXGroup;
			children = (
				A38272C62B1A01C2009CBF25 /* Books */,
			);
			path = Scenes;
			sourceTree = "<group>";
		};
		A3AD4C0B2B164B9100FDDAB0 = {
			isa = PBXGroup;
			children = (
				A3AD4C162B164B9100FDDAB0 /* Scriptura */,
				A3AD4C272B164B9200FDDAB0 /* ScripturaTests */,
				A3AD4C312B164B9200FDDAB0 /* ScripturaUITests */,
				A3AD4C152B164B9100FDDAB0 /* Products */,
			);
			sourceTree = "<group>";
		};
		A3AD4C152B164B9100FDDAB0 /* Products */ = {
			isa = PBXGroup;
			children = (
				A3AD4C142B164B9100FDDAB0 /* Scriptura.app */,
				A3AD4C242B164B9200FDDAB0 /* ScripturaTests.xctest */,
				A3AD4C2E2B164B9200FDDAB0 /* ScripturaUITests.xctest */,
			);
			name = Products;
			sourceTree = "<group>";
		};
		A3AD4C162B164B9100FDDAB0 /* Scriptura */ = {
			isa = PBXGroup;
			children = (
				A3AD4C432B164BB000FDDAB0 /* Application */,
				A3AD4C422B164B9F00FDDAB0 /* Domain */,
				A3AD4C412B164B9800FDDAB0 /* Data */,
				A3AD4C172B164B9100FDDAB0 /* ScripturaApp.swift */,
				A3AD4C192B164B9100FDDAB0 /* ContentView.swift */,
				A3AD4C1B2B164B9200FDDAB0 /* Assets.xcassets */,
				A3AD4C1D2B164B9200FDDAB0 /* Preview Content */,
			);
			path = Scriptura;
			sourceTree = "<group>";
		};
		A3AD4C1D2B164B9200FDDAB0 /* Preview Content */ = {
			isa = PBXGroup;
			children = (
				A3AD4C1E2B164B9200FDDAB0 /* Preview Assets.xcassets */,
			);
			path = "Preview Content";
			sourceTree = "<group>";
		};
		A3AD4C272B164B9200FDDAB0 /* ScripturaTests */ = {
			isa = PBXGroup;
			children = (
				A38272C52B1A01BA009CBF25 /* Application */,
				A38272B42B17C1E6009CBF25 /* Data */,
				A3AD4C282B164B9200FDDAB0 /* ScripturaTests.swift */,
			);
			path = ScripturaTests;
			sourceTree = "<group>";
		};
		A3AD4C312B164B9200FDDAB0 /* ScripturaUITests */ = {
			isa = PBXGroup;
			children = (
				A3AD4C322B164B9200FDDAB0 /* ScripturaUITests.swift */,
				A3AD4C342B164B9200FDDAB0 /* ScripturaUITestsLaunchTests.swift */,
			);
			path = ScripturaUITests;
			sourceTree = "<group>";
		};
		A3AD4C412B164B9800FDDAB0 /* Data */ = {
			isa = PBXGroup;
			children = (
				A3AD4C4F2B164FD900FDDAB0 /* Mock */,
				A3AD4C4D2B164FB400FDDAB0 /* API */,
			);
			path = Data;
			sourceTree = "<group>";
		};
		A3AD4C422B164B9F00FDDAB0 /* Domain */ = {
			isa = PBXGroup;
			children = (
				A3AD4C452B164BE600FDDAB0 /* Repository */,
				A3AD4C442B164BD700FDDAB0 /* Entity */,
			);
			path = Domain;
			sourceTree = "<group>";
		};
		A3AD4C432B164BB000FDDAB0 /* Application */ = {
			isa = PBXGroup;
			children = (
				A38272C72B1A01D5009CBF25 /* Scenes */,
			);
			path = Application;
			sourceTree = "<group>";
		};
		A3AD4C442B164BD700FDDAB0 /* Entity */ = {
			isa = PBXGroup;
			children = (
				A3AD4C462B164BF800FDDAB0 /* Book.swift */,
				A382729F2B175F12009CBF25 /* Chapter.swift */,
				A38272A12B176013009CBF25 /* Verse.swift */,
			);
			path = Entity;
			sourceTree = "<group>";
		};
		A3AD4C452B164BE600FDDAB0 /* Repository */ = {
			isa = PBXGroup;
			children = (
				A3AD4C4B2B164E2B00FDDAB0 /* BookRepository.swift */,
				A382729D2B175E90009CBF25 /* ChapterRepository.swift */,
			);
			path = Repository;
			sourceTree = "<group>";
		};
		A3AD4C482B164CA100FDDAB0 /* Model */ = {
			isa = PBXGroup;
			children = (
				A3AD4C492B164CB300FDDAB0 /* Book+Decodable.swift */,
				A38272A32B1761FE009CBF25 /* Chapter+Decodable.swift */,
				A38272B02B17A8FA009CBF25 /* APIRequest.swift */,
				A38272B22B17AB9C009CBF25 /* BooksAPIRequest.swift */,
			);
			path = Model;
			sourceTree = "<group>";
		};
		A3AD4C4D2B164FB400FDDAB0 /* API */ = {
			isa = PBXGroup;
			children = (
				A38272AB2B17A42A009CBF25 /* Service */,
				A3AD4C4E2B164FBB00FDDAB0 /* Repository */,
				A3AD4C482B164CA100FDDAB0 /* Model */,
			);
			path = API;
			sourceTree = "<group>";
		};
		A3AD4C4E2B164FBB00FDDAB0 /* Repository */ = {
			isa = PBXGroup;
			children = (
				A38272A92B17A3FB009CBF25 /* APIBookRepository.swift */,
			);
			path = Repository;
			sourceTree = "<group>";
		};
		A3AD4C4F2B164FD900FDDAB0 /* Mock */ = {
			isa = PBXGroup;
			children = (
				A3AD4C502B164FE200FDDAB0 /* Repository */,
			);
			path = Mock;
			sourceTree = "<group>";
		};
		A3AD4C502B164FE200FDDAB0 /* Repository */ = {
			isa = PBXGroup;
			children = (
				A3AD4C512B16500200FDDAB0 /* MockBooksRepository.swift */,
				A38272A52B17688E009CBF25 /* MockChapterRepository.swift */,
			);
			path = Repository;
			sourceTree = "<group>";
		};
		A3AD4C532B1650A900FDDAB0 /* Books */ = {
			isa = PBXGroup;
			children = (
				A3AD4C542B1650BA00FDDAB0 /* BooksView.swift */,
				A3AD4C562B1650D100FDDAB0 /* BooksViewModel.swift */,
				A3AD4C592B16520300FDDAB0 /* BookListItem.swift */,
				A38272C32B19199A009CBF25 /* BookListItemView.swift */,
			);
			path = Books;
			sourceTree = "<group>";
		};
		A3AD4C5B2B1690AC00FDDAB0 /* Reader */ = {
			isa = PBXGroup;
			children = (
				A3AD4C5C2B1690C300FDDAB0 /* ReaderView.swift */,
				A382729B2B175926009CBF25 /* ReaderViewModel.swift */,
				A38272A72B1769B5009CBF25 /* ReaderVerseItem.swift */,
			);
			path = Reader;
			sourceTree = "<group>";
		};
/* End PBXGroup section */

/* Begin PBXNativeTarget section */
		A3AD4C132B164B9100FDDAB0 /* Scriptura */ = {
			isa = PBXNativeTarget;
			buildConfigurationList = A3AD4C382B164B9200FDDAB0 /* Build configuration list for PBXNativeTarget "Scriptura" */;
			buildPhases = (
				A3AD4C102B164B9100FDDAB0 /* Sources */,
				A3AD4C112B164B9100FDDAB0 /* Frameworks */,
				A3AD4C122B164B9100FDDAB0 /* Resources */,
			);
			buildRules = (
			);
			dependencies = (
			);
			name = Scriptura;
			productName = Scriptura;
			productReference = A3AD4C142B164B9100FDDAB0 /* Scriptura.app */;
			productType = "com.apple.product-type.application";
		};
		A3AD4C232B164B9200FDDAB0 /* ScripturaTests */ = {
			isa = PBXNativeTarget;
			buildConfigurationList = A3AD4C3B2B164B9200FDDAB0 /* Build configuration list for PBXNativeTarget "ScripturaTests" */;
			buildPhases = (
				A3AD4C202B164B9200FDDAB0 /* Sources */,
				A3AD4C212B164B9200FDDAB0 /* Frameworks */,
				A3AD4C222B164B9200FDDAB0 /* Resources */,
			);
			buildRules = (
			);
			dependencies = (
				A3AD4C262B164B9200FDDAB0 /* PBXTargetDependency */,
			);
			name = ScripturaTests;
			productName = ScripturaTests;
			productReference = A3AD4C242B164B9200FDDAB0 /* ScripturaTests.xctest */;
			productType = "com.apple.product-type.bundle.unit-test";
		};
		A3AD4C2D2B164B9200FDDAB0 /* ScripturaUITests */ = {
			isa = PBXNativeTarget;
			buildConfigurationList = A3AD4C3E2B164B9200FDDAB0 /* Build configuration list for PBXNativeTarget "ScripturaUITests" */;
			buildPhases = (
				A3AD4C2A2B164B9200FDDAB0 /* Sources */,
				A3AD4C2B2B164B9200FDDAB0 /* Frameworks */,
				A3AD4C2C2B164B9200FDDAB0 /* Resources */,
			);
			buildRules = (
			);
			dependencies = (
				A3AD4C302B164B9200FDDAB0 /* PBXTargetDependency */,
			);
			name = ScripturaUITests;
			productName = ScripturaUITests;
			productReference = A3AD4C2E2B164B9200FDDAB0 /* ScripturaUITests.xctest */;
			productType = "com.apple.product-type.bundle.ui-testing";
		};
/* End PBXNativeTarget section */

/* Begin PBXProject section */
		A3AD4C0C2B164B9100FDDAB0 /* Project object */ = {
			isa = PBXProject;
			attributes = {
				BuildIndependentTargetsInParallel = 1;
				LastSwiftUpdateCheck = 1420;
				LastUpgradeCheck = 1420;
				TargetAttributes = {
					A3AD4C132B164B9100FDDAB0 = {
						CreatedOnToolsVersion = 14.2;
					};
					A3AD4C232B164B9200FDDAB0 = {
						CreatedOnToolsVersion = 14.2;
						TestTargetID = A3AD4C132B164B9100FDDAB0;
					};
					A3AD4C2D2B164B9200FDDAB0 = {
						CreatedOnToolsVersion = 14.2;
						TestTargetID = A3AD4C132B164B9100FDDAB0;
					};
				};
			};
			buildConfigurationList = A3AD4C0F2B164B9100FDDAB0 /* Build configuration list for PBXProject "Scriptura" */;
			compatibilityVersion = "Xcode 14.0";
			developmentRegion = en;
			hasScannedForEncodings = 0;
			knownRegions = (
				en,
				Base,
			);
			mainGroup = A3AD4C0B2B164B9100FDDAB0;
			productRefGroup = A3AD4C152B164B9100FDDAB0 /* Products */;
			projectDirPath = "";
			projectRoot = "";
			targets = (
				A3AD4C132B164B9100FDDAB0 /* Scriptura */,
				A3AD4C232B164B9200FDDAB0 /* ScripturaTests */,
				A3AD4C2D2B164B9200FDDAB0 /* ScripturaUITests */,
			);
		};
/* End PBXProject section */

/* Begin PBXResourcesBuildPhase section */
		A3AD4C122B164B9100FDDAB0 /* Resources */ = {
			isa = PBXResourcesBuildPhase;
			buildActionMask = 2147483647;
			files = (
				A3AD4C1F2B164B9200FDDAB0 /* Preview Assets.xcassets in Resources */,
				A3AD4C1C2B164B9200FDDAB0 /* Assets.xcassets in Resources */,
			);
			runOnlyForDeploymentPostprocessing = 0;
		};
		A3AD4C222B164B9200FDDAB0 /* Resources */ = {
			isa = PBXResourcesBuildPhase;
			buildActionMask = 2147483647;
			files = (
				A38272BB2B17C3CA009CBF25 /* books.json in Resources */,
			);
			runOnlyForDeploymentPostprocessing = 0;
		};
		A3AD4C2C2B164B9200FDDAB0 /* Resources */ = {
			isa = PBXResourcesBuildPhase;
			buildActionMask = 2147483647;
			files = (
			);
			runOnlyForDeploymentPostprocessing = 0;
		};
/* End PBXResourcesBuildPhase section */

/* Begin PBXSourcesBuildPhase section */
		A3AD4C102B164B9100FDDAB0 /* Sources */ = {
			isa = PBXSourcesBuildPhase;
			buildActionMask = 2147483647;
			files = (
				A3AD4C4A2B164CB300FDDAB0 /* Book+Decodable.swift in Sources */,
				A38272AD2B17A43D009CBF25 /* APIService.swift in Sources */,
				A38272C42B19199A009CBF25 /* BookListItemView.swift in Sources */,
				A38272AA2B17A3FB009CBF25 /* APIBookRepository.swift in Sources */,
				A382729E2B175E90009CBF25 /* ChapterRepository.swift in Sources */,
				A3AD4C5D2B1690C300FDDAB0 /* ReaderView.swift in Sources */,
				A3AD4C572B1650D100FDDAB0 /* BooksViewModel.swift in Sources */,
				A38272B32B17AB9C009CBF25 /* BooksAPIRequest.swift in Sources */,
				A38272A82B1769B5009CBF25 /* ReaderVerseItem.swift in Sources */,
				A3AD4C1A2B164B9100FDDAB0 /* ContentView.swift in Sources */,
				A3AD4C5A2B16520300FDDAB0 /* BookListItem.swift in Sources */,
				A3AD4C4C2B164E2B00FDDAB0 /* BookRepository.swift in Sources */,
				A38272A62B17688E009CBF25 /* MockChapterRepository.swift in Sources */,
				A38272A22B176013009CBF25 /* Verse.swift in Sources */,
				A38272A42B1761FE009CBF25 /* Chapter+Decodable.swift in Sources */,
				A38272A02B175F12009CBF25 /* Chapter.swift in Sources */,
				A3AD4C552B1650BA00FDDAB0 /* BooksView.swift in Sources */,
				A3AD4C182B164B9100FDDAB0 /* ScripturaApp.swift in Sources */,
				A3AD4C522B16500200FDDAB0 /* MockBooksRepository.swift in Sources */,
				A3AD4C472B164BF800FDDAB0 /* Book.swift in Sources */,
				A38272B12B17A8FA009CBF25 /* APIRequest.swift in Sources */,
				A382729C2B175926009CBF25 /* ReaderViewModel.swift in Sources */,
			);
			runOnlyForDeploymentPostprocessing = 0;
		};
		A3AD4C202B164B9200FDDAB0 /* Sources */ = {
			isa = PBXSourcesBuildPhase;
			buildActionMask = 2147483647;
			files = (
				A3AD4C292B164B9200FDDAB0 /* ScripturaTests.swift in Sources */,
				A38272B82B17C214009CBF25 /* APIBookRepositoryTests.swift in Sources */,
				A38272C22B17C6DB009CBF25 /* MockURLProtocol.swift in Sources */,
				A38272BE2B17C426009CBF25 /* readJSONFile.swift in Sources */,
				A38272C02B17C4BA009CBF25 /* HTTPURLResponse+mockResponse.swift in Sources */,
				A38272CA2B1A01FC009CBF25 /* BooksViewModelTests.swift in Sources */,
			);
			runOnlyForDeploymentPostprocessing = 0;
		};
		A3AD4C2A2B164B9200FDDAB0 /* Sources */ = {
			isa = PBXSourcesBuildPhase;
			buildActionMask = 2147483647;
			files = (
				A3AD4C352B164B9200FDDAB0 /* ScripturaUITestsLaunchTests.swift in Sources */,
				A3AD4C332B164B9200FDDAB0 /* ScripturaUITests.swift in Sources */,
			);
			runOnlyForDeploymentPostprocessing = 0;
		};
/* End PBXSourcesBuildPhase section */

/* Begin PBXTargetDependency section */
		A3AD4C262B164B9200FDDAB0 /* PBXTargetDependency */ = {
			isa = PBXTargetDependency;
			target = A3AD4C132B164B9100FDDAB0 /* Scriptura */;
			targetProxy = A3AD4C252B164B9200FDDAB0 /* PBXContainerItemProxy */;
		};
		A3AD4C302B164B9200FDDAB0 /* PBXTargetDependency */ = {
			isa = PBXTargetDependency;
			target = A3AD4C132B164B9100FDDAB0 /* Scriptura */;
			targetProxy = A3AD4C2F2B164B9200FDDAB0 /* PBXContainerItemProxy */;
		};
/* End PBXTargetDependency section */

/* Begin XCBuildConfiguration section */
		A3AD4C362B164B9200FDDAB0 /* Debug */ = {
			isa = XCBuildConfiguration;
			buildSettings = {
				ALWAYS_SEARCH_USER_PATHS = NO;
				CLANG_ANALYZER_NONNULL = YES;
				CLANG_ANALYZER_NUMBER_OBJECT_CONVERSION = YES_AGGRESSIVE;
				CLANG_CXX_LANGUAGE_STANDARD = "gnu++20";
				CLANG_ENABLE_MODULES = YES;
				CLANG_ENABLE_OBJC_ARC = YES;
				CLANG_ENABLE_OBJC_WEAK = YES;
				CLANG_WARN_BLOCK_CAPTURE_AUTORELEASING = YES;
				CLANG_WARN_BOOL_CONVERSION = YES;
				CLANG_WARN_COMMA = YES;
				CLANG_WARN_CONSTANT_CONVERSION = YES;
				CLANG_WARN_DEPRECATED_OBJC_IMPLEMENTATIONS = YES;
				CLANG_WARN_DIRECT_OBJC_ISA_USAGE = YES_ERROR;
				CLANG_WARN_DOCUMENTATION_COMMENTS = YES;
				CLANG_WARN_EMPTY_BODY = YES;
				CLANG_WARN_ENUM_CONVERSION = YES;
				CLANG_WARN_INFINITE_RECURSION = YES;
				CLANG_WARN_INT_CONVERSION = YES;
				CLANG_WARN_NON_LITERAL_NULL_CONVERSION = YES;
				CLANG_WARN_OBJC_IMPLICIT_RETAIN_SELF = YES;
				CLANG_WARN_OBJC_LITERAL_CONVERSION = YES;
				CLANG_WARN_OBJC_ROOT_CLASS = YES_ERROR;
				CLANG_WARN_QUOTED_INCLUDE_IN_FRAMEWORK_HEADER = YES;
				CLANG_WARN_RANGE_LOOP_ANALYSIS = YES;
				CLANG_WARN_STRICT_PROTOTYPES = YES;
				CLANG_WARN_SUSPICIOUS_MOVE = YES;
				CLANG_WARN_UNGUARDED_AVAILABILITY = YES_AGGRESSIVE;
				CLANG_WARN_UNREACHABLE_CODE = YES;
				CLANG_WARN__DUPLICATE_METHOD_MATCH = YES;
				COPY_PHASE_STRIP = NO;
				DEBUG_INFORMATION_FORMAT = dwarf;
				ENABLE_STRICT_OBJC_MSGSEND = YES;
				ENABLE_TESTABILITY = YES;
				GCC_C_LANGUAGE_STANDARD = gnu11;
				GCC_DYNAMIC_NO_PIC = NO;
				GCC_NO_COMMON_BLOCKS = YES;
				GCC_OPTIMIZATION_LEVEL = 0;
				GCC_PREPROCESSOR_DEFINITIONS = (
					"DEBUG=1",
					"$(inherited)",
				);
				GCC_WARN_64_TO_32_BIT_CONVERSION = YES;
				GCC_WARN_ABOUT_RETURN_TYPE = YES_ERROR;
				GCC_WARN_UNDECLARED_SELECTOR = YES;
				GCC_WARN_UNINITIALIZED_AUTOS = YES_AGGRESSIVE;
				GCC_WARN_UNUSED_FUNCTION = YES;
				GCC_WARN_UNUSED_VARIABLE = YES;
				IPHONEOS_DEPLOYMENT_TARGET = 16.2;
				MTL_ENABLE_DEBUG_INFO = INCLUDE_SOURCE;
				MTL_FAST_MATH = YES;
				ONLY_ACTIVE_ARCH = YES;
				SDKROOT = iphoneos;
				SWIFT_ACTIVE_COMPILATION_CONDITIONS = DEBUG;
				SWIFT_OPTIMIZATION_LEVEL = "-Onone";
			};
			name = Debug;
		};
		A3AD4C372B164B9200FDDAB0 /* Release */ = {
			isa = XCBuildConfiguration;
			buildSettings = {
				ALWAYS_SEARCH_USER_PATHS = NO;
				CLANG_ANALYZER_NONNULL = YES;
				CLANG_ANALYZER_NUMBER_OBJECT_CONVERSION = YES_AGGRESSIVE;
				CLANG_CXX_LANGUAGE_STANDARD = "gnu++20";
				CLANG_ENABLE_MODULES = YES;
				CLANG_ENABLE_OBJC_ARC = YES;
				CLANG_ENABLE_OBJC_WEAK = YES;
				CLANG_WARN_BLOCK_CAPTURE_AUTORELEASING = YES;
				CLANG_WARN_BOOL_CONVERSION = YES;
				CLANG_WARN_COMMA = YES;
				CLANG_WARN_CONSTANT_CONVERSION = YES;
				CLANG_WARN_DEPRECATED_OBJC_IMPLEMENTATIONS = YES;
				CLANG_WARN_DIRECT_OBJC_ISA_USAGE = YES_ERROR;
				CLANG_WARN_DOCUMENTATION_COMMENTS = YES;
				CLANG_WARN_EMPTY_BODY = YES;
				CLANG_WARN_ENUM_CONVERSION = YES;
				CLANG_WARN_INFINITE_RECURSION = YES;
				CLANG_WARN_INT_CONVERSION = YES;
				CLANG_WARN_NON_LITERAL_NULL_CONVERSION = YES;
				CLANG_WARN_OBJC_IMPLICIT_RETAIN_SELF = YES;
				CLANG_WARN_OBJC_LITERAL_CONVERSION = YES;
				CLANG_WARN_OBJC_ROOT_CLASS = YES_ERROR;
				CLANG_WARN_QUOTED_INCLUDE_IN_FRAMEWORK_HEADER = YES;
				CLANG_WARN_RANGE_LOOP_ANALYSIS = YES;
				CLANG_WARN_STRICT_PROTOTYPES = YES;
				CLANG_WARN_SUSPICIOUS_MOVE = YES;
				CLANG_WARN_UNGUARDED_AVAILABILITY = YES_AGGRESSIVE;
				CLANG_WARN_UNREACHABLE_CODE = YES;
				CLANG_WARN__DUPLICATE_METHOD_MATCH = YES;
				COPY_PHASE_STRIP = NO;
				DEBUG_INFORMATION_FORMAT = "dwarf-with-dsym";
				ENABLE_NS_ASSERTIONS = NO;
				ENABLE_STRICT_OBJC_MSGSEND = YES;
				GCC_C_LANGUAGE_STANDARD = gnu11;
				GCC_NO_COMMON_BLOCKS = YES;
				GCC_WARN_64_TO_32_BIT_CONVERSION = YES;
				GCC_WARN_ABOUT_RETURN_TYPE = YES_ERROR;
				GCC_WARN_UNDECLARED_SELECTOR = YES;
				GCC_WARN_UNINITIALIZED_AUTOS = YES_AGGRESSIVE;
				GCC_WARN_UNUSED_FUNCTION = YES;
				GCC_WARN_UNUSED_VARIABLE = YES;
				IPHONEOS_DEPLOYMENT_TARGET = 16.2;
				MTL_ENABLE_DEBUG_INFO = NO;
				MTL_FAST_MATH = YES;
				SDKROOT = iphoneos;
				SWIFT_COMPILATION_MODE = wholemodule;
				SWIFT_OPTIMIZATION_LEVEL = "-O";
				VALIDATE_PRODUCT = YES;
			};
			name = Release;
		};
		A3AD4C392B164B9200FDDAB0 /* Debug */ = {
			isa = XCBuildConfiguration;
			buildSettings = {
				ASSETCATALOG_COMPILER_APPICON_NAME = AppIcon;
				ASSETCATALOG_COMPILER_GLOBAL_ACCENT_COLOR_NAME = AccentColor;
				CODE_SIGN_STYLE = Automatic;
				CURRENT_PROJECT_VERSION = 1;
				DEVELOPMENT_ASSET_PATHS = "\"Scriptura/Preview Content\"";
				ENABLE_PREVIEWS = YES;
				GENERATE_INFOPLIST_FILE = YES;
				INFOPLIST_KEY_UIApplicationSceneManifest_Generation = YES;
				INFOPLIST_KEY_UIApplicationSupportsIndirectInputEvents = YES;
				INFOPLIST_KEY_UILaunchScreen_Generation = YES;
				INFOPLIST_KEY_UISupportedInterfaceOrientations_iPad = "UIInterfaceOrientationPortrait UIInterfaceOrientationPortraitUpsideDown UIInterfaceOrientationLandscapeLeft UIInterfaceOrientationLandscapeRight";
				INFOPLIST_KEY_UISupportedInterfaceOrientations_iPhone = "UIInterfaceOrientationPortrait UIInterfaceOrientationLandscapeLeft UIInterfaceOrientationLandscapeRight";
				LD_RUNPATH_SEARCH_PATHS = (
					"$(inherited)",
					"@executable_path/Frameworks",
				);
				MARKETING_VERSION = 1.0;
				PRODUCT_BUNDLE_IDENTIFIER = com.brunoorocha.Scriptura;
				PRODUCT_NAME = "$(TARGET_NAME)";
				SWIFT_EMIT_LOC_STRINGS = YES;
				SWIFT_VERSION = 5.0;
				TARGETED_DEVICE_FAMILY = "1,2";
			};
			name = Debug;
		};
		A3AD4C3A2B164B9200FDDAB0 /* Release */ = {
			isa = XCBuildConfiguration;
			buildSettings = {
				ASSETCATALOG_COMPILER_APPICON_NAME = AppIcon;
				ASSETCATALOG_COMPILER_GLOBAL_ACCENT_COLOR_NAME = AccentColor;
				CODE_SIGN_STYLE = Automatic;
				CURRENT_PROJECT_VERSION = 1;
				DEVELOPMENT_ASSET_PATHS = "\"Scriptura/Preview Content\"";
				ENABLE_PREVIEWS = YES;
				GENERATE_INFOPLIST_FILE = YES;
				INFOPLIST_KEY_UIApplicationSceneManifest_Generation = YES;
				INFOPLIST_KEY_UIApplicationSupportsIndirectInputEvents = YES;
				INFOPLIST_KEY_UILaunchScreen_Generation = YES;
				INFOPLIST_KEY_UISupportedInterfaceOrientations_iPad = "UIInterfaceOrientationPortrait UIInterfaceOrientationPortraitUpsideDown UIInterfaceOrientationLandscapeLeft UIInterfaceOrientationLandscapeRight";
				INFOPLIST_KEY_UISupportedInterfaceOrientations_iPhone = "UIInterfaceOrientationPortrait UIInterfaceOrientationLandscapeLeft UIInterfaceOrientationLandscapeRight";
				LD_RUNPATH_SEARCH_PATHS = (
					"$(inherited)",
					"@executable_path/Frameworks",
				);
				MARKETING_VERSION = 1.0;
				PRODUCT_BUNDLE_IDENTIFIER = com.brunoorocha.Scriptura;
				PRODUCT_NAME = "$(TARGET_NAME)";
				SWIFT_EMIT_LOC_STRINGS = YES;
				SWIFT_VERSION = 5.0;
				TARGETED_DEVICE_FAMILY = "1,2";
			};
			name = Release;
		};
		A3AD4C3C2B164B9200FDDAB0 /* Debug */ = {
			isa = XCBuildConfiguration;
			buildSettings = {
				ALWAYS_EMBED_SWIFT_STANDARD_LIBRARIES = YES;
				BUNDLE_LOADER = "$(TEST_HOST)";
				CODE_SIGN_STYLE = Automatic;
				CURRENT_PROJECT_VERSION = 1;
				GENERATE_INFOPLIST_FILE = YES;
				IPHONEOS_DEPLOYMENT_TARGET = 16.2;
				MARKETING_VERSION = 1.0;
				PRODUCT_BUNDLE_IDENTIFIER = com.brunoorocha.ScripturaTests;
				PRODUCT_NAME = "$(TARGET_NAME)";
				SWIFT_EMIT_LOC_STRINGS = NO;
				SWIFT_VERSION = 5.0;
				TARGETED_DEVICE_FAMILY = "1,2";
				TEST_HOST = "$(BUILT_PRODUCTS_DIR)/Scriptura.app/$(BUNDLE_EXECUTABLE_FOLDER_PATH)/Scriptura";
			};
			name = Debug;
		};
		A3AD4C3D2B164B9200FDDAB0 /* Release */ = {
			isa = XCBuildConfiguration;
			buildSettings = {
				ALWAYS_EMBED_SWIFT_STANDARD_LIBRARIES = YES;
				BUNDLE_LOADER = "$(TEST_HOST)";
				CODE_SIGN_STYLE = Automatic;
				CURRENT_PROJECT_VERSION = 1;
				GENERATE_INFOPLIST_FILE = YES;
				IPHONEOS_DEPLOYMENT_TARGET = 16.2;
				MARKETING_VERSION = 1.0;
				PRODUCT_BUNDLE_IDENTIFIER = com.brunoorocha.ScripturaTests;
				PRODUCT_NAME = "$(TARGET_NAME)";
				SWIFT_EMIT_LOC_STRINGS = NO;
				SWIFT_VERSION = 5.0;
				TARGETED_DEVICE_FAMILY = "1,2";
				TEST_HOST = "$(BUILT_PRODUCTS_DIR)/Scriptura.app/$(BUNDLE_EXECUTABLE_FOLDER_PATH)/Scriptura";
			};
			name = Release;
		};
		A3AD4C3F2B164B9200FDDAB0 /* Debug */ = {
			isa = XCBuildConfiguration;
			buildSettings = {
				ALWAYS_EMBED_SWIFT_STANDARD_LIBRARIES = YES;
				CODE_SIGN_STYLE = Automatic;
				CURRENT_PROJECT_VERSION = 1;
				GENERATE_INFOPLIST_FILE = YES;
				MARKETING_VERSION = 1.0;
				PRODUCT_BUNDLE_IDENTIFIER = com.brunoorocha.ScripturaUITests;
				PRODUCT_NAME = "$(TARGET_NAME)";
				SWIFT_EMIT_LOC_STRINGS = NO;
				SWIFT_VERSION = 5.0;
				TARGETED_DEVICE_FAMILY = "1,2";
				TEST_TARGET_NAME = Scriptura;
			};
			name = Debug;
		};
		A3AD4C402B164B9200FDDAB0 /* Release */ = {
			isa = XCBuildConfiguration;
			buildSettings = {
				ALWAYS_EMBED_SWIFT_STANDARD_LIBRARIES = YES;
				CODE_SIGN_STYLE = Automatic;
				CURRENT_PROJECT_VERSION = 1;
				GENERATE_INFOPLIST_FILE = YES;
				MARKETING_VERSION = 1.0;
				PRODUCT_BUNDLE_IDENTIFIER = com.brunoorocha.ScripturaUITests;
				PRODUCT_NAME = "$(TARGET_NAME)";
				SWIFT_EMIT_LOC_STRINGS = NO;
				SWIFT_VERSION = 5.0;
				TARGETED_DEVICE_FAMILY = "1,2";
				TEST_TARGET_NAME = Scriptura;
			};
			name = Release;
		};
/* End XCBuildConfiguration section */

/* Begin XCConfigurationList section */
		A3AD4C0F2B164B9100FDDAB0 /* Build configuration list for PBXProject "Scriptura" */ = {
			isa = XCConfigurationList;
			buildConfigurations = (
				A3AD4C362B164B9200FDDAB0 /* Debug */,
				A3AD4C372B164B9200FDDAB0 /* Release */,
			);
			defaultConfigurationIsVisible = 0;
			defaultConfigurationName = Release;
		};
		A3AD4C382B164B9200FDDAB0 /* Build configuration list for PBXNativeTarget "Scriptura" */ = {
			isa = XCConfigurationList;
			buildConfigurations = (
				A3AD4C392B164B9200FDDAB0 /* Debug */,
				A3AD4C3A2B164B9200FDDAB0 /* Release */,
			);
			defaultConfigurationIsVisible = 0;
			defaultConfigurationName = Release;
		};
		A3AD4C3B2B164B9200FDDAB0 /* Build configuration list for PBXNativeTarget "ScripturaTests" */ = {
			isa = XCConfigurationList;
			buildConfigurations = (
				A3AD4C3C2B164B9200FDDAB0 /* Debug */,
				A3AD4C3D2B164B9200FDDAB0 /* Release */,
			);
			defaultConfigurationIsVisible = 0;
			defaultConfigurationName = Release;
		};
		A3AD4C3E2B164B9200FDDAB0 /* Build configuration list for PBXNativeTarget "ScripturaUITests" */ = {
			isa = XCConfigurationList;
			buildConfigurations = (
				A3AD4C3F2B164B9200FDDAB0 /* Debug */,
				A3AD4C402B164B9200FDDAB0 /* Release */,
			);
			defaultConfigurationIsVisible = 0;
			defaultConfigurationName = Release;
		};
/* End XCConfigurationList section */
	};
	rootObject = A3AD4C0C2B164B9100FDDAB0 /* Project object */;
}
